
Microsoft Visual Studio Solution File, Format Version 12.00
# Visual Studio Version 17
VisualStudioVersion = 17.7.34031.279
MinimumVisualStudioVersion = 10.0.40219.1
Project("{FAE04EC0-301F-11D3-BF4B-00C04F79EFBC}") = "Lab1", "Lab1\Lab1.csproj", "{47AFB3A2-4C50-42AA-9537-574E7C23806C}"
EndProject
Global
	GlobalSection(SolutionConfigurationPlatforms) = preSolution
		Debug|Any CPU = Debug|Any CPU
		Release|Any CPU = Release|Any CPU
	EndGlobalSection
	GlobalSection(ProjectConfigurationPlatforms) = postSolution
		{47AFB3A2-4C50-42AA-9537-574E7C23806C}.Debug|Any CPU.ActiveCfg = Debug|Any CPU
		{47AFB3A2-4C50-42AA-9537-574E7C23806C}.Debug|Any CPU.Build.0 = Debug|Any CPU
		{47AFB3A2-4C50-42AA-9537-574E7C23806C}.Release|Any CPU.ActiveCfg = Release|Any CPU
		{47AFB3A2-4C50-42AA-9537-574E7C23806C}.Release|Any CPU.Build.0 = Release|Any CPU
	EndGlobalSection
	GlobalSection(SolutionProperties) = preSolution
		HideSolutionNode = FALSE
	EndGlobalSection
	GlobalSection(ExtensibilityGlobals) = postSolution
		SolutionGuid = {BDBC985C-EFDB-4522-B707-7209665E5D4F}
	EndGlobalSection
EndGlobal
